
Microsoft Visual Studio Solution File, Format Version 12.00
# Visual Studio 15
VisualStudioVersion = 15.0.27703.2042
MinimumVisualStudioVersion = 10.0.40219.1
Project("{FAE04EC0-301F-11D3-BF4B-00C04F79EFBC}") = "DsServer", "DsServer\DsServer.csproj", "{4F3E4E92-80C6-4E30-913A-2F81D2105A7C}"
EndProject
Global
	GlobalSection(SolutionConfigurationPlatforms) = preSolution
		Debug|Any CPU = Debug|Any CPU
		Release|Any CPU = Release|Any CPU
	EndGlobalSection
	GlobalSection(ProjectConfigurationPlatforms) = postSolution
		{4F3E4E92-80C6-4E30-913A-2F81D2105A7C}.Debug|Any CPU.ActiveCfg = Debug|Any CPU
		{4F3E4E92-80C6-4E30-913A-2F81D2105A7C}.Debug|Any CPU.Build.0 = Debug|Any CPU
		{4F3E4E92-80C6-4E30-913A-2F81D2105A7C}.Release|Any CPU.ActiveCfg = Release|Any CPU
		{4F3E4E92-80C6-4E30-913A-2F81D2105A7C}.Release|Any CPU.Build.0 = Release|Any CPU
	EndGlobalSection
	GlobalSection(SolutionProperties) = preSolution
		HideSolutionNode = FALSE
	EndGlobalSection
	GlobalSection(ExtensibilityGlobals) = postSolution
		SolutionGuid = {A5E8CBA8-31BB-45A4-8ED9-FB039FEA189C}
	EndGlobalSection
EndGlobal
